
Microsoft Visual Studio Solution File, Format Version 12.00
# Visual Studio 15
VisualStudioVersion = 15.0.28307.1300
MinimumVisualStudioVersion = 10.0.40219.1
Project("{FAE04EC0-301F-11D3-BF4B-00C04F79EFBC}") = "WindowsFormsApp4", "WindowsFormsApp4\WindowsFormsApp4.csproj", "{34B70859-F3E4-4DCC-987A-51C6A2C198F3}"
EndProject
Global
	GlobalSection(SolutionConfigurationPlatforms) = preSolution
		Debug|Any CPU = Debug|Any CPU
		Release|Any CPU = Release|Any CPU
	EndGlobalSection
	GlobalSection(ProjectConfigurationPlatforms) = postSolution
		{34B70859-F3E4-4DCC-987A-51C6A2C198F3}.Debug|Any CPU.ActiveCfg = Debug|Any CPU
		{34B70859-F3E4-4DCC-987A-51C6A2C198F3}.Debug|Any CPU.Build.0 = Debug|Any CPU
		{34B70859-F3E4-4DCC-987A-51C6A2C198F3}.Release|Any CPU.ActiveCfg = Release|Any CPU
		{34B70859-F3E4-4DCC-987A-51C6A2C198F3}.Release|Any CPU.Build.0 = Release|Any CPU
	EndGlobalSection
	GlobalSection(SolutionProperties) = preSolution
		HideSolutionNode = FALSE
	EndGlobalSection
	GlobalSection(ExtensibilityGlobals) = postSolution
		SolutionGuid = {B25814BE-A9E1-419A-AB49-9E68AFCF9197}
	EndGlobalSection
EndGlobal
